
Microsoft Visual Studio Solution File, Format Version 12.00
# Visual Studio Version 17
VisualStudioVersion = 17.0.32112.339
MinimumVisualStudioVersion = 10.0.40219.1
Project("{2150E333-8FDC-42A3-9474-1A3956D46DE8}") = "FrontEnd", "FrontEnd", "{7D0099FD-B666-4E4A-B665-E4613C4EB591}"
EndProject
Project("{9A19103F-16F7-4668-BE54-9A1E7A4F7556}") = "Mongo.Web", "Mongo.Web\Mongo.Web.csproj", "{4A3A1F74-8DBC-43EB-AA83-E06C77FD15F7}"
EndProject
Project("{2150E333-8FDC-42A3-9474-1A3956D46DE8}") = "Services", "Services", "{7C23010A-9E76-4657-9AB6-9E5B190912E1}"
EndProject
Project("{9A19103F-16F7-4668-BE54-9A1E7A4F7556}") = "Mongo.Services.ProductApi", "Mongo.Services.ProductApi\Mongo.Services.ProductApi.csproj", "{97C1D5E4-5279-4904-9FDB-F0306B2D6187}"
EndProject
Project("{9A19103F-16F7-4668-BE54-9A1E7A4F7556}") = "Mongo.Services.Identity", "Mongo.Services.Identity\Mongo.Services.Identity.csproj", "{CC3E76EA-6E0B-46F3-9691-7FA5E1CC81B2}"
EndProject
Project("{2150E333-8FDC-42A3-9474-1A3956D46DE8}") = "Identity", "Identity", "{7CD6BFD3-C72C-4453-B74D-333E3E47906F}"
EndProject
Project("{2150E333-8FDC-42A3-9474-1A3956D46DE8}") = "ProductApi", "ProductApi", "{B155161E-8E63-4100-96BE-123377B9DF2E}"
EndProject
Global
	GlobalSection(SolutionConfigurationPlatforms) = preSolution
		Debug|Any CPU = Debug|Any CPU
		Release|Any CPU = Release|Any CPU
	EndGlobalSection
	GlobalSection(ProjectConfigurationPlatforms) = postSolution
		{4A3A1F74-8DBC-43EB-AA83-E06C77FD15F7}.Debug|Any CPU.ActiveCfg = Debug|Any CPU
		{4A3A1F74-8DBC-43EB-AA83-E06C77FD15F7}.Debug|Any CPU.Build.0 = Debug|Any CPU
		{4A3A1F74-8DBC-43EB-AA83-E06C77FD15F7}.Release|Any CPU.ActiveCfg = Release|Any CPU
		{4A3A1F74-8DBC-43EB-AA83-E06C77FD15F7}.Release|Any CPU.Build.0 = Release|Any CPU
		{97C1D5E4-5279-4904-9FDB-F0306B2D6187}.Debug|Any CPU.ActiveCfg = Debug|Any CPU
		{97C1D5E4-5279-4904-9FDB-F0306B2D6187}.Debug|Any CPU.Build.0 = Debug|Any CPU
		{97C1D5E4-5279-4904-9FDB-F0306B2D6187}.Release|Any CPU.ActiveCfg = Release|Any CPU
		{97C1D5E4-5279-4904-9FDB-F0306B2D6187}.Release|Any CPU.Build.0 = Release|Any CPU
		{CC3E76EA-6E0B-46F3-9691-7FA5E1CC81B2}.Debug|Any CPU.ActiveCfg = Debug|Any CPU
		{CC3E76EA-6E0B-46F3-9691-7FA5E1CC81B2}.Debug|Any CPU.Build.0 = Debug|Any CPU
		{CC3E76EA-6E0B-46F3-9691-7FA5E1CC81B2}.Release|Any CPU.ActiveCfg = Release|Any CPU
		{CC3E76EA-6E0B-46F3-9691-7FA5E1CC81B2}.Release|Any CPU.Build.0 = Release|Any CPU
	EndGlobalSection
	GlobalSection(SolutionProperties) = preSolution
		HideSolutionNode = FALSE
	EndGlobalSection
	GlobalSection(NestedProjects) = preSolution
		{4A3A1F74-8DBC-43EB-AA83-E06C77FD15F7} = {7D0099FD-B666-4E4A-B665-E4613C4EB591}
		{97C1D5E4-5279-4904-9FDB-F0306B2D6187} = {B155161E-8E63-4100-96BE-123377B9DF2E}
		{CC3E76EA-6E0B-46F3-9691-7FA5E1CC81B2} = {7CD6BFD3-C72C-4453-B74D-333E3E47906F}
		{7CD6BFD3-C72C-4453-B74D-333E3E47906F} = {7C23010A-9E76-4657-9AB6-9E5B190912E1}
		{B155161E-8E63-4100-96BE-123377B9DF2E} = {7C23010A-9E76-4657-9AB6-9E5B190912E1}
	EndGlobalSection
	GlobalSection(ExtensibilityGlobals) = postSolution
		SolutionGuid = {F9161864-3AB4-4F9F-B030-113072A7E7DF}
	EndGlobalSection
EndGlobal
